Microsoft Visual Studio Solution File, Format Version 12.00
# Visual Studio Version 17
VisualStudioVersion = 17.5.2.0
MinimumVisualStudioVersion = 10.0.40219.1
Project("{FAE04EC0-301F-11D3-BF4B-00C04F79EFBC}") = "Dovizu", "Dovizu.csproj", "{144550A7-1A37-6128-F2E0-C8AB9CC22C43}"
EndProject
Global
	GlobalSection(SolutionConfigurationPlatforms) = preSolution
		Debug|Any CPU = Debug|Any CPU
		Release|Any CPU = Release|Any CPU
	EndGlobalSection
	GlobalSection(ProjectConfigurationPlatforms) = postSolution
		{144550A7-1A37-6128-F2E0-C8AB9CC22C43}.Debug|Any CPU.ActiveCfg = Debug|Any CPU
		{144550A7-1A37-6128-F2E0-C8AB9CC22C43}.Debug|Any CPU.Build.0 = Debug|Any CPU
		{144550A7-1A37-6128-F2E0-C8AB9CC22C43}.Release|Any CPU.ActiveCfg = Release|Any CPU
		{144550A7-1A37-6128-F2E0-C8AB9CC22C43}.Release|Any CPU.Build.0 = Release|Any CPU
	EndGlobalSection
	GlobalSection(SolutionProperties) = preSolution
		HideSolutionNode = FALSE
	EndGlobalSection
	GlobalSection(ExtensibilityGlobals) = postSolution
		SolutionGuid = {7BC706A2-3BD9-4F69-AF45-A3BCC566D9CB}
	EndGlobalSection
EndGlobal
